<?xml version="1.0" encoding="utf-8"?>
<Project ToolsVersion="4.0" xmlns="http://schemas.microsoft.com/developer/msbuild/2003">
  <ItemGroup>
    <Filter Include="Source Files">
      <UniqueIdentifier>{4FC737F1-C7A5-4376-A066-2A32D752A2FF}</UniqueIdentifier>
      <Extensions>cpp;c;cc;cxx;def;odl;idl;hpj;bat;asm;asmx</Extensions>
    </Filter>
    <Filter Include="Header Files">
      <UniqueIdentifier>{93995380-89BD-4b04-88EB-625FBE52EBFB}</UniqueIdentifier>
      <Extensions>h;hh;hpp;hxx;hm;inl;inc;ipp;xsd</Extensions>
    </Filter>
    <Filter Include="Resource Files">
      <UniqueIdentifier>{67DA6AB6-F800-4c08-8B7A-83BB121AAD01}</UniqueIdentifier>
      <Extensions>rc;ico;cur;bmp;dlg;rc2;rct;bin;rgs;gif;jpg;jpeg;jpe;resx;tiff;tif;png;wav;mfcribbon-ms</Extensions>
    </Filter>
    <Filter Include="Header Files\ASIFramework">
      <UniqueIdentifier>{315fb570-3879-49c4-9fb7-b8e2230f3c6d}</UniqueIdentifier>
    </Filter>
    <Filter Include="Source Files\ASIFramework">
      <UniqueIdentifier>{284a9752-6eb5-4d94-a615-ca20fd567381}</UniqueIdentifier>
    </Filter>
  </ItemGroup>
  <ItemGroup>
    <ClCompile Include="main.cpp">
      <Filter>Source Files</Filter>
    </ClCompile>
    <ClCompile Include="CKeyManager.cpp">
      <Filter>Source Files</Filter>
    </ClCompile>
    <ClCompile Include="ASIFramework\HookedRakClient.cpp">
      <Filter>Source Files\ASIFramework</Filter>
    </ClCompile>
    <ClCompile Include="ASIFramework\samp.cpp">
      <Filter>Source Files\ASIFramework</Filter>
    </ClCompile>
    <ClCompile Include="ASIFramework\BitStream.cpp">
      <Filter>Source Files\ASIFramework</Filter>
    </ClCompile>
  </ItemGroup>
  <ItemGroup>
    <ClInclude Include="CKeyManager.h">
      <Filter>Header Files</Filter>
    </ClInclude>
    <ClInclude Include="ASIFramework\main.h">
      <Filter>Header Files</Filter>
    </ClInclude>
    <ClInclude Include="ASIFramework\HookedRakClient.h">
      <Filter>Header Files\ASIFramework</Filter>
    </ClInclude>
    <ClInclude Include="ASIFramework\BitStream.h">
      <Filter>Header Files\ASIFramework</Filter>
    </ClInclude>
    <ClInclude Include="ASIFramework\RakClient.h">
      <Filter>Header Files\ASIFramework</Filter>
    </ClInclude>
    <ClInclude Include="ASIFramework\samp.h">
      <Filter>Header Files\ASIFramework</Filter>
    </ClInclude>
  </ItemGroup>
</Project>